{
  "name": "leapshape",
  "requires": true,
  "lockfileVersion": 1,
  "dependencies": {
    "@types/three": {
      "version": "0.126.1",
      "resolved": "https://registry.npmjs.org/@types/three/-/three-0.126.1.tgz",
      "integrity": "sha512-GR7e3d9CYYmwIR3HDiRZDFpoHIp2Vg5IbULcIjL296C8VbjruGwJ7Br1GTBkslEVfkezKrtJTf7KuqoIt3oYTg==",
      "dev": true
    },
    "esbuild": {
      "version": "0.9.2",
      "resolved": "https://registry.npmjs.org/esbuild/-/esbuild-0.9.2.tgz",
      "integrity": "sha512-xE3oOILjnmN8PSjkG3lT9NBbd1DbxNqolJ5qNyrLhDWsFef3yTp/KTQz1C/x7BYFKbtrr9foYtKA6KA1zuNAUQ=="
    },
    "gl-matrix": {
      "version": "3.3.0",
      "resolved": "https://registry.npmjs.org/gl-matrix/-/gl-matrix-3.3.0.tgz",
      "integrity": "sha512-COb7LDz+SXaHtl/h4LeaFcNdJdAQSDeVqjiIihSXNrkWObZLhDI4hIkZC11Aeqp7bcE72clzB0BnDXr2SmslRA=="
    },
    "leapjs": {
      "version": "github:leapmotion/leapjs#f02c5bd1bd0798a628217c120643472bdd317ac1",
      "from": "github:leapmotion/leapjs#patch-es6",
      "requires": {
        "gl-matrix": "^3.3.0",
        "ws": "^7.3.1"
      }
    },
    "opencascade.js": {
      "version": "github:zalo/opencascade.js#d01c5bddf81250d6543761e27c7fae9b8c23af4c",
      "from": "github:zalo/opencascade.js"
    },
    "potpack": {
      "version": "1.0.1",
      "resolved": "https://registry.npmjs.org/potpack/-/potpack-1.0.1.tgz",
      "integrity": "sha512-15vItUAbViaYrmaB/Pbw7z6qX2xENbFSTA7Ii4tgbPtasxm5v6ryKhKtL91tpWovDJzTiZqdwzhcFBCwiMVdVw=="
    },
    "three": {
      "version": "0.126.1",
      "resolved": "https://registry.npmjs.org/three/-/three-0.126.1.tgz",
      "integrity": "sha512-eOEXnZeE1FDV0XgL1u08auIP13jxdN9LQBAEmlErYzMxtIIfuGIAZbijOyookALUhqVzVOx0Tywj6n192VM+nQ=="
    },
    "ws": {
      "version": "7.4.4",
      "resolved": "https://registry.npmjs.org/ws/-/ws-7.4.4.tgz",
      "integrity": "sha512-Qm8k8ojNQIMx7S+Zp8u/uHOx7Qazv3Yv4q68MiWWWOJhiwG5W3x7iqmRtJo8xxrciZUY4vRxUTJCKuRnF28ZZw=="
    }
  }
}
