{
	"name": "leapshape",
	"lockfileVersion": 2,
	"requires": true,
	"packages": {
		"": {
			"name": "leapshape",
			"license": "Apache-2.0",
			"dependencies": {
				"leapjs": "^1.1.1",
				"opencascade.js": "github:zalo/opencascade.js",
				"potpack": "^1.0.1",
				"three": "^0.147.0"
			},
			"devDependencies": {
				"@types/three": "^0.146.0",
				"esbuild": "^0.12.6"
			}
		},
		"node_modules/@types/three": {
			"version": "0.146.0",
			"resolved": "https://registry.npmjs.org/@types/three/-/three-0.146.0.tgz",
			"integrity": "sha512-75AgysUrIvTCB054eQa2pDVFurfeFW8CrMQjpzjt3yHBfuuknoSvvsESd/3EhQxPrz9si3+P0wiDUVsWUlljfA==",
			"dev": true,
			"dependencies": {
				"@types/webxr": "*"
			}
		},
		"node_modules/@types/webxr": {
			"version": "0.5.0",
			"resolved": "https://registry.npmjs.org/@types/webxr/-/webxr-0.5.0.tgz",
			"integrity": "sha512-IUMDPSXnYIbEO2IereEFcgcqfDREOgmbGqtrMpVPpACTU6pltYLwHgVkrnYv0XhWEcjio9sYEfIEzgn3c7nDqA==",
			"dev": true
		},
		"node_modules/esbuild": {
			"version": "0.12.29",
			"resolved": "https://registry.npmjs.org/esbuild/-/esbuild-0.12.29.tgz",
			"integrity": "sha512-w/XuoBCSwepyiZtIRsKsetiLDUVGPVw1E/R3VTFSecIy8UR7Cq3SOtwKHJMFoVqqVG36aGkzh4e8BvpO1Fdc7g==",
			"dev": true,
			"hasInstallScript": true,
			"bin": {
				"esbuild": "bin/esbuild"
			}
		},
		"node_modules/gl-matrix": {
			"version": "3.4.3",
			"resolved": "https://registry.npmjs.org/gl-matrix/-/gl-matrix-3.4.3.tgz",
			"integrity": "sha512-wcCp8vu8FT22BnvKVPjXa/ICBWRq/zjFfdofZy1WSpQZpphblv12/bOQLBC1rMM7SGOFS9ltVmKOHil5+Ml7gA=="
		},
		"node_modules/leapjs": {
			"version": "1.1.1",
			"resolved": "https://registry.npmjs.org/leapjs/-/leapjs-1.1.1.tgz",
			"integrity": "sha512-AXyzH3HuIlqaJWAfziVJa0K0k45wiavQUH7utDbDrYzlqSkqqCR3ePt8kpaDEzujx8rA3iDX+E6x2CnNR1XRXQ==",
			"dependencies": {
				"gl-matrix": "^3.3.0",
				"ws": "^7.4.6"
			},
			"engines": {
				"node": "~12.0.0"
			}
		},
		"node_modules/opencascade.js": {
			"version": "0.1.17",
			"resolved": "git+ssh://git@github.com/zalo/opencascade.js.git#6ce18f3a7fc41bccb2acdd798814142d71f1a6fc",
			"license": "LGPL-2.1-only"
		},
		"node_modules/potpack": {
			"version": "1.0.2",
			"resolved": "https://registry.npmjs.org/potpack/-/potpack-1.0.2.tgz",
			"integrity": "sha512-choctRBIV9EMT9WGAZHn3V7t0Z2pMQyl0EZE6pFc/6ml3ssw7Dlf/oAOvFwjm1HVsqfQN8GfeFyJ+d8tRzqueQ=="
		},
		"node_modules/three": {
			"version": "0.147.0",
			"resolved": "https://registry.npmjs.org/three/-/three-0.147.0.tgz",
			"integrity": "sha512-LPTOslYQXFkmvceQjFTNnVVli2LaVF6C99Pv34fJypp8NbQLbTlu3KinZ0zURghS5zEehK+VQyvWuPZ/Sm8fzw=="
		},
		"node_modules/ws": {
			"version": "7.5.9",
			"resolved": "https://registry.npmjs.org/ws/-/ws-7.5.9.tgz",
			"integrity": "sha512-F+P9Jil7UiSKSkppIiD94dN07AwvFixvLIj1Og1Rl9GGMuNipJnV9JzjD6XuqmAeiswGvUmNLjr5cFuXwNS77Q==",
			"engines": {
				"node": ">=8.3.0"
			},
			"peerDependencies": {
				"bufferutil": "^4.0.1",
				"utf-8-validate": "^5.0.2"
			},
			"peerDependenciesMeta": {
				"bufferutil": {
					"optional": true
				},
				"utf-8-validate": {
					"optional": true
				}
			}
		}
	},
	"dependencies": {
		"@types/three": {
			"version": "0.146.0",
			"resolved": "https://registry.npmjs.org/@types/three/-/three-0.146.0.tgz",
			"integrity": "sha512-75AgysUrIvTCB054eQa2pDVFurfeFW8CrMQjpzjt3yHBfuuknoSvvsESd/3EhQxPrz9si3+P0wiDUVsWUlljfA==",
			"dev": true,
			"requires": {
				"@types/webxr": "*"
			}
		},
		"@types/webxr": {
			"version": "0.5.0",
			"resolved": "https://registry.npmjs.org/@types/webxr/-/webxr-0.5.0.tgz",
			"integrity": "sha512-IUMDPSXnYIbEO2IereEFcgcqfDREOgmbGqtrMpVPpACTU6pltYLwHgVkrnYv0XhWEcjio9sYEfIEzgn3c7nDqA==",
			"dev": true
		},
		"esbuild": {
			"version": "0.12.29",
			"resolved": "https://registry.npmjs.org/esbuild/-/esbuild-0.12.29.tgz",
			"integrity": "sha512-w/XuoBCSwepyiZtIRsKsetiLDUVGPVw1E/R3VTFSecIy8UR7Cq3SOtwKHJMFoVqqVG36aGkzh4e8BvpO1Fdc7g==",
			"dev": true
		},
		"gl-matrix": {
			"version": "3.4.3",
			"resolved": "https://registry.npmjs.org/gl-matrix/-/gl-matrix-3.4.3.tgz",
			"integrity": "sha512-wcCp8vu8FT22BnvKVPjXa/ICBWRq/zjFfdofZy1WSpQZpphblv12/bOQLBC1rMM7SGOFS9ltVmKOHil5+Ml7gA=="
		},
		"leapjs": {
			"version": "1.1.1",
			"resolved": "https://registry.npmjs.org/leapjs/-/leapjs-1.1.1.tgz",
			"integrity": "sha512-AXyzH3HuIlqaJWAfziVJa0K0k45wiavQUH7utDbDrYzlqSkqqCR3ePt8kpaDEzujx8rA3iDX+E6x2CnNR1XRXQ==",
			"requires": {
				"gl-matrix": "^3.3.0",
				"ws": "^7.4.6"
			}
		},
		"opencascade.js": {
			"version": "git+ssh://git@github.com/zalo/opencascade.js.git#73e4c97b3fd9e3d3f131b7359f357b024ff85eff",
			"from": "opencascade.js@github:zalo/opencascade.js"
		},
		"potpack": {
			"version": "1.0.2",
			"resolved": "https://registry.npmjs.org/potpack/-/potpack-1.0.2.tgz",
			"integrity": "sha512-choctRBIV9EMT9WGAZHn3V7t0Z2pMQyl0EZE6pFc/6ml3ssw7Dlf/oAOvFwjm1HVsqfQN8GfeFyJ+d8tRzqueQ=="
		},
		"three": {
			"version": "0.147.0",
			"resolved": "https://registry.npmjs.org/three/-/three-0.147.0.tgz",
			"integrity": "sha512-LPTOslYQXFkmvceQjFTNnVVli2LaVF6C99Pv34fJypp8NbQLbTlu3KinZ0zURghS5zEehK+VQyvWuPZ/Sm8fzw=="
		},
		"ws": {
			"version": "7.5.9",
			"resolved": "https://registry.npmjs.org/ws/-/ws-7.5.9.tgz",
			"integrity": "sha512-F+P9Jil7UiSKSkppIiD94dN07AwvFixvLIj1Og1Rl9GGMuNipJnV9JzjD6XuqmAeiswGvUmNLjr5cFuXwNS77Q==",
			"requires": {}
		}
	}
}
